
Microsoft Visual Studio Solution File, Format Version 12.00
# Visual Studio 15
VisualStudioVersion = 15.0.27004.2009
MinimumVisualStudioVersion = 10.0.40219.1
Project("{FAE04EC0-301F-11D3-BF4B-00C04F79EFBC}") = "AngularSession", "AngularSession\AngularSession.csproj", "{635D3514-48A1-4024-ACB3-A0963F10F55F}"
EndProject
Global
	GlobalSection(SolutionConfigurationPlatforms) = preSolution
		Debug|Any CPU = Debug|Any CPU
		Release|Any CPU = Release|Any CPU
	EndGlobalSection
	GlobalSection(ProjectConfigurationPlatforms) = postSolution
		{635D3514-48A1-4024-ACB3-A0963F10F55F}.Debug|Any CPU.ActiveCfg = Debug|Any CPU
		{635D3514-48A1-4024-ACB3-A0963F10F55F}.Debug|Any CPU.Build.0 = Debug|Any CPU
		{635D3514-48A1-4024-ACB3-A0963F10F55F}.Release|Any CPU.ActiveCfg = Release|Any CPU
		{635D3514-48A1-4024-ACB3-A0963F10F55F}.Release|Any CPU.Build.0 = Release|Any CPU
	EndGlobalSection
	GlobalSection(SolutionProperties) = preSolution
		HideSolutionNode = FALSE
	EndGlobalSection
	GlobalSection(ExtensibilityGlobals) = postSolution
		SolutionGuid = {273AF664-610A-4AF5-B7B6-5954DEEAE3A0}
	EndGlobalSection
EndGlobal
